
Microsoft Visual Studio Solution File, Format Version 11.00
# Visual C# Express 2010
Project("{FAE04EC0-301F-11D3-BF4B-00C04F79EFBC}") = "lab1", "week10\lab1.csproj", "{1825C21B-9342-4B2E-BAF2-15962A248166}"
EndProject
Project("{FAE04EC0-301F-11D3-BF4B-00C04F79EFBC}") = "lab3", "WindowsFormsApplication2\lab3.csproj", "{733F320B-FEFD-4C33-AC86-0064657E6350}"
EndProject
Project("{FAE04EC0-301F-11D3-BF4B-00C04F79EFBC}") = "lab4", "WindowsFormsApplication3\lab4.csproj", "{8068640E-8AEB-470A-AAE3-355FDECC3810}"
EndProject
Project("{FAE04EC0-301F-11D3-BF4B-00C04F79EFBC}") = "lab2", "lab2\lab2.csproj", "{CCD0EC4B-DF54-4CBE-9BFB-C73F5D5227FB}"
EndProject
Global
	GlobalSection(SolutionConfigurationPlatforms) = preSolution
		Debug|x86 = Debug|x86
		Release|x86 = Release|x86
	EndGlobalSection
	GlobalSection(ProjectConfigurationPlatforms) = postSolution
		{1825C21B-9342-4B2E-BAF2-15962A248166}.Debug|x86.ActiveCfg = Debug|x86
		{1825C21B-9342-4B2E-BAF2-15962A248166}.Debug|x86.Build.0 = Debug|x86
		{1825C21B-9342-4B2E-BAF2-15962A248166}.Release|x86.ActiveCfg = Release|x86
		{1825C21B-9342-4B2E-BAF2-15962A248166}.Release|x86.Build.0 = Release|x86
		{733F320B-FEFD-4C33-AC86-0064657E6350}.Debug|x86.ActiveCfg = Debug|x86
		{733F320B-FEFD-4C33-AC86-0064657E6350}.Debug|x86.Build.0 = Debug|x86
		{733F320B-FEFD-4C33-AC86-0064657E6350}.Release|x86.ActiveCfg = Release|x86
		{733F320B-FEFD-4C33-AC86-0064657E6350}.Release|x86.Build.0 = Release|x86
		{8068640E-8AEB-470A-AAE3-355FDECC3810}.Debug|x86.ActiveCfg = Debug|x86
		{8068640E-8AEB-470A-AAE3-355FDECC3810}.Debug|x86.Build.0 = Debug|x86
		{8068640E-8AEB-470A-AAE3-355FDECC3810}.Release|x86.ActiveCfg = Release|x86
		{8068640E-8AEB-470A-AAE3-355FDECC3810}.Release|x86.Build.0 = Release|x86
		{CCD0EC4B-DF54-4CBE-9BFB-C73F5D5227FB}.Debug|x86.ActiveCfg = Debug|x86
		{CCD0EC4B-DF54-4CBE-9BFB-C73F5D5227FB}.Debug|x86.Build.0 = Debug|x86
		{CCD0EC4B-DF54-4CBE-9BFB-C73F5D5227FB}.Release|x86.ActiveCfg = Release|x86
		{CCD0EC4B-DF54-4CBE-9BFB-C73F5D5227FB}.Release|x86.Build.0 = Release|x86
	EndGlobalSection
	GlobalSection(SolutionProperties) = preSolution
		HideSolutionNode = FALSE
	EndGlobalSection
EndGlobal
